// !$*UTF8*$!
{
	archiveVersion = 1;
	classes = {
	};
	objectVersion = 48;
	objects = {

/* Begin PBXBuildFile section */
		B60F5BCA1FD85790000F4291 /* AppDelegate.swift in Sources */ = {isa = PBXBuildFile; fileRef = B60F5BC91FD85790000F4291 /* AppDelegate.swift */; };
		B60F5BCF1FD85790000F4291 /* Main.storyboard in Resources */ = {isa = PBXBuildFile; fileRef = B60F5BCD1FD85790000F4291 /* Main.storyboard */; };
		B60F5BD11FD85790000F4291 /* Assets.xcassets in Resources */ = {isa = PBXBuildFile; fileRef = B60F5BD01FD85790000F4291 /* Assets.xcassets */; };
		B60F5BD41FD85790000F4291 /* LaunchScreen.storyboard in Resources */ = {isa = PBXBuildFile; fileRef = B60F5BD21FD85790000F4291 /* LaunchScreen.storyboard */; };
		B60F5BDF2062A7C7000F4291 /* SWRevealViewController.m in Sources */ = {isa = PBXBuildFile; fileRef = B60F5BDE2062A7C7000F4291 /* SWRevealViewController.m */; };
		B60F5BE42062AF0A000F4291 /* ChatVC.swift in Sources */ = {isa = PBXBuildFile; fileRef = B60F5BE32062AF0A000F4291 /* ChatVC.swift */; };
		B60F5BE62062AF1B000F4291 /* ChannelVC.swift in Sources */ = {isa = PBXBuildFile; fileRef = B60F5BE52062AF1B000F4291 /* ChannelVC.swift */; };
		B60F5BE82062BA41000F4291 /* GradientView.swift in Sources */ = {isa = PBXBuildFile; fileRef = B60F5BE72062BA41000F4291 /* GradientView.swift */; };
		B60F5BEB2062CCA5000F4291 /* Constants.swift in Sources */ = {isa = PBXBuildFile; fileRef = B60F5BEA2062CCA5000F4291 /* Constants.swift */; };
		B62C3B1C2073E833002386CA /* AvatarCell.swift in Sources */ = {isa = PBXBuildFile; fileRef = B62C3B1B2073E833002386CA /* AvatarCell.swift */; };
		B62C3B1E20862771002386CA /* CircleImage.swift in Sources */ = {isa = PBXBuildFile; fileRef = B62C3B1D20862771002386CA /* CircleImage.swift */; };
		B674316E206AAEF90041E671 /* AuthService.swift in Sources */ = {isa = PBXBuildFile; fileRef = B674316D206AAEF90041E671 /* AuthService.swift */; };
		B6743170206D2B6B0041E671 /* RoundedButton.swift in Sources */ = {isa = PBXBuildFile; fileRef = B674316F206D2B6B0041E671 /* RoundedButton.swift */; };
		B6743172206E7C910041E671 /* UserDataService.swift in Sources */ = {isa = PBXBuildFile; fileRef = B6743171206E7C910041E671 /* UserDataService.swift */; };
		B67431742085F53F0041E671 /* AvatarPickerVC.swift in Sources */ = {isa = PBXBuildFile; fileRef = B67431732085F53F0041E671 /* AvatarPickerVC.swift */; };
		B67A300E206901CD00732E1E /* LoginVC.swift in Sources */ = {isa = PBXBuildFile; fileRef = B67A300D206901CD00732E1E /* LoginVC.swift */; };
		B67A3010206930C500732E1E /* CreateAccountVC.swift in Sources */ = {isa = PBXBuildFile; fileRef = B67A300F206930C500732E1E /* CreateAccountVC.swift */; };
		F640F3A75286E7F305267956 /* Pods_Smack.framework in Frameworks */ = {isa = PBXBuildFile; fileRef = B549AD323C115CF62EBC25AA /* Pods_Smack.framework */; };
/* End PBXBuildFile section */

/* Begin PBXFileReference section */
		B549AD323C115CF62EBC25AA /* Pods_Smack.framework */ = {isa = PBXFileReference; explicitFileType = wrapper.framework; includeInIndex = 0; path = Pods_Smack.framework; sourceTree = BUILT_PRODUCTS_DIR; };
		B60F5BC61FD85790000F4291 /* Smack.app */ = {isa = PBXFileReference; explicitFileType = wrapper.application; includeInIndex = 0; path = Smack.app; sourceTree = BUILT_PRODUCTS_DIR; };
		B60F5BC91FD85790000F4291 /* AppDelegate.swift */ = {isa = PBXFileReference; lastKnownFileType = sourcecode.swift; path = AppDelegate.swift; sourceTree = "<group>"; };
		B60F5BCE1FD85790000F4291 /* Base */ = {isa = PBXFileReference; lastKnownFileType = file.storyboard; name = Base; path = Base.lproj/Main.storyboard; sourceTree = "<group>"; };
		B60F5BD01FD85790000F4291 /* Assets.xcassets */ = {isa = PBXFileReference; lastKnownFileType = folder.assetcatalog; path = Assets.xcassets; sourceTree = "<group>"; };
		B60F5BD31FD85790000F4291 /* Base */ = {isa = PBXFileReference; lastKnownFileType = file.storyboard; name = Base; path = Base.lproj/LaunchScreen.storyboard; sourceTree = "<group>"; };
		B60F5BD51FD85790000F4291 /* Info.plist */ = {isa = PBXFileReference; lastKnownFileType = text.plist.xml; path = Info.plist; sourceTree = "<group>"; };
		B60F5BDC2062A7C6000F4291 /* Smack-Bridging-Header.h */ = {isa = PBXFileReference; lastKnownFileType = sourcecode.c.h; path = "Smack-Bridging-Header.h"; sourceTree = "<group>"; };
		B60F5BDD2062A7C7000F4291 /* SWRevealViewController.h */ = {isa = PBXFileReference; fileEncoding = 4; lastKnownFileType = sourcecode.c.h; path = SWRevealViewController.h; sourceTree = "<group>"; };
		B60F5BDE2062A7C7000F4291 /* SWRevealViewController.m */ = {isa = PBXFileReference; fileEncoding = 4; lastKnownFileType = sourcecode.c.objc; path = SWRevealViewController.m; sourceTree = "<group>"; };
		B60F5BE32062AF0A000F4291 /* ChatVC.swift */ = {isa = PBXFileReference; lastKnownFileType = sourcecode.swift; path = ChatVC.swift; sourceTree = "<group>"; };
		B60F5BE52062AF1B000F4291 /* ChannelVC.swift */ = {isa = PBXFileReference; lastKnownFileType = sourcecode.swift; path = ChannelVC.swift; sourceTree = "<group>"; };
		B60F5BE72062BA41000F4291 /* GradientView.swift */ = {isa = PBXFileReference; lastKnownFileType = sourcecode.swift; path = GradientView.swift; sourceTree = "<group>"; };
		B60F5BEA2062CCA5000F4291 /* Constants.swift */ = {isa = PBXFileReference; lastKnownFileType = sourcecode.swift; path = Constants.swift; sourceTree = "<group>"; };
		B62C3B1B2073E833002386CA /* AvatarCell.swift */ = {isa = PBXFileReference; lastKnownFileType = sourcecode.swift; path = AvatarCell.swift; sourceTree = "<group>"; };
		B62C3B1D20862771002386CA /* CircleImage.swift */ = {isa = PBXFileReference; lastKnownFileType = sourcecode.swift; path = CircleImage.swift; sourceTree = "<group>"; };
		B674316D206AAEF90041E671 /* AuthService.swift */ = {isa = PBXFileReference; lastKnownFileType = sourcecode.swift; path = AuthService.swift; sourceTree = "<group>"; };
		B674316F206D2B6B0041E671 /* RoundedButton.swift */ = {isa = PBXFileReference; lastKnownFileType = sourcecode.swift; path = RoundedButton.swift; sourceTree = "<group>"; };
		B6743171206E7C910041E671 /* UserDataService.swift */ = {isa = PBXFileReference; lastKnownFileType = sourcecode.swift; path = UserDataService.swift; sourceTree = "<group>"; };
		B67431732085F53F0041E671 /* AvatarPickerVC.swift */ = {isa = PBXFileReference; lastKnownFileType = sourcecode.swift; path = AvatarPickerVC.swift; sourceTree = "<group>"; };
		B67A300D206901CD00732E1E /* LoginVC.swift */ = {isa = PBXFileReference; lastKnownFileType = sourcecode.swift; path = LoginVC.swift; sourceTree = "<group>"; };
		B67A300F206930C500732E1E /* CreateAccountVC.swift */ = {isa = PBXFileReference; lastKnownFileType = sourcecode.swift; path = CreateAccountVC.swift; sourceTree = "<group>"; };
		B7338109F33C5AFC9793577B /* Pods-Smack.debug.xcconfig */ = {isa = PBXFileReference; includeInIndex = 1; lastKnownFileType = text.xcconfig; name = "Pods-Smack.debug.xcconfig"; path = "Pods/Target Support Files/Pods-Smack/Pods-Smack.debug.xcconfig"; sourceTree = "<group>"; };
		BF7A62B49A090DEBB091F3C0 /* Pods-Smack.release.xcconfig */ = {isa = PBXFileReference; includeInIndex = 1; lastKnownFileType = text.xcconfig; name = "Pods-Smack.release.xcconfig"; path = "Pods/Target Support Files/Pods-Smack/Pods-Smack.release.xcconfig"; sourceTree = "<group>"; };
/* End PBXFileReference section */

/* Begin PBXFrameworksBuildPhase section */
		B60F5BC31FD85790000F4291 /* Frameworks */ = {
			isa = PBXFrameworksBuildPhase;
			buildActionMask = 2147483647;
			files = (
				F640F3A75286E7F305267956 /* Pods_Smack.framework in Frameworks */,
			);
			runOnlyForDeploymentPostprocessing = 0;
		};
/* End PBXFrameworksBuildPhase section */

/* Begin PBXGroup section */
		B60F5BBD1FD85790000F4291 = {
			isa = PBXGroup;
			children = (
				B60F5BC81FD85790000F4291 /* Smack */,
				B60F5BC71FD85790000F4291 /* Products */,
				D78C44F86ECDB71686419EB1 /* Pods */,
				D9CDD66981AFB36F519EF89B /* Frameworks */,
			);
			sourceTree = "<group>";
		};
		B60F5BC71FD85790000F4291 /* Products */ = {
			isa = PBXGroup;
			children = (
				B60F5BC61FD85790000F4291 /* Smack.app */,
			);
			name = Products;
			sourceTree = "<group>";
		};
		B60F5BC81FD85790000F4291 /* Smack */ = {
			isa = PBXGroup;
			children = (
				B674316C206AAEE40041E671 /* Services */,
				B60F5BE92062CC8D000F4291 /* Utilities */,
				B60F5BE22062ADCE000F4291 /* Controller */,
				B60F5BE12062ADC8000F4291 /* View */,
				B60F5BE02062ADBC000F4291 /* Model */,
				B60F5BDB2062A79C000F4291 /* Supporting Files */,
				B60F5BC91FD85790000F4291 /* AppDelegate.swift */,
				B60F5BD01FD85790000F4291 /* Assets.xcassets */,
				B60F5BCD1FD85790000F4291 /* Main.storyboard */,
				B60F5BD21FD85790000F4291 /* LaunchScreen.storyboard */,
				B60F5BD51FD85790000F4291 /* Info.plist */,
			);
			path = Smack;
			sourceTree = "<group>";
		};
		B60F5BDB2062A79C000F4291 /* Supporting Files */ = {
			isa = PBXGroup;
			children = (
				B60F5BDD2062A7C7000F4291 /* SWRevealViewController.h */,
				B60F5BDE2062A7C7000F4291 /* SWRevealViewController.m */,
				B60F5BDC2062A7C6000F4291 /* Smack-Bridging-Header.h */,
			);
			path = "Supporting Files";
			sourceTree = "<group>";
		};
		B60F5BE02062ADBC000F4291 /* Model */ = {
			isa = PBXGroup;
			children = (
			);
			path = Model;
			sourceTree = "<group>";
		};
		B60F5BE12062ADC8000F4291 /* View */ = {
			isa = PBXGroup;
			children = (
				B60F5BE72062BA41000F4291 /* GradientView.swift */,
				B674316F206D2B6B0041E671 /* RoundedButton.swift */,
				B62C3B1B2073E833002386CA /* AvatarCell.swift */,
				B62C3B1D20862771002386CA /* CircleImage.swift */,
			);
			path = View;
			sourceTree = "<group>";
		};
		B60F5BE22062ADCE000F4291 /* Controller */ = {
			isa = PBXGroup;
			children = (
				B60F5BE32062AF0A000F4291 /* ChatVC.swift */,
				B60F5BE52062AF1B000F4291 /* ChannelVC.swift */,
				B67A300D206901CD00732E1E /* LoginVC.swift */,
				B67A300F206930C500732E1E /* CreateAccountVC.swift */,
				B67431732085F53F0041E671 /* AvatarPickerVC.swift */,
			);
			path = Controller;
			sourceTree = "<group>";
		};
		B60F5BE92062CC8D000F4291 /* Utilities */ = {
			isa = PBXGroup;
			children = (
				B60F5BEA2062CCA5000F4291 /* Constants.swift */,
			);
			path = Utilities;
			sourceTree = "<group>";
		};
		B674316C206AAEE40041E671 /* Services */ = {
			isa = PBXGroup;
			children = (
				B674316D206AAEF90041E671 /* AuthService.swift */,
				B6743171206E7C910041E671 /* UserDataService.swift */,
			);
			path = Services;
			sourceTree = "<group>";
		};
		D78C44F86ECDB71686419EB1 /* Pods */ = {
			isa = PBXGroup;
			children = (
				B7338109F33C5AFC9793577B /* Pods-Smack.debug.xcconfig */,
				BF7A62B49A090DEBB091F3C0 /* Pods-Smack.release.xcconfig */,
			);
			name = Pods;
			sourceTree = "<group>";
		};
		D9CDD66981AFB36F519EF89B /* Frameworks */ = {
			isa = PBXGroup;
			children = (
				B549AD323C115CF62EBC25AA /* Pods_Smack.framework */,
			);
			name = Frameworks;
			sourceTree = "<group>";
		};
/* End PBXGroup section */

/* Begin PBXNativeTarget section */
		B60F5BC51FD85790000F4291 /* Smack */ = {
			isa = PBXNativeTarget;
			buildConfigurationList = B60F5BD81FD85790000F4291 /* Build configuration list for PBXNativeTarget "Smack" */;
			buildPhases = (
				F48E5477F8FF5B5C3CBB74DB /* [CP] Check Pods Manifest.lock */,
				B60F5BC21FD85790000F4291 /* Sources */,
				B60F5BC31FD85790000F4291 /* Frameworks */,
				B60F5BC41FD85790000F4291 /* Resources */,
				A16D21EE1A686A65BDA72523 /* [CP] Embed Pods Frameworks */,
				B383A5B7E279742C8BF766CF /* [CP] Copy Pods Resources */,
			);
			buildRules = (
			);
			dependencies = (
			);
			name = Smack;
			productName = Smack;
			productReference = B60F5BC61FD85790000F4291 /* Smack.app */;
			productType = "com.apple.product-type.application";
		};
/* End PBXNativeTarget section */

/* Begin PBXProject section */
		B60F5BBE1FD85790000F4291 /* Project object */ = {
			isa = PBXProject;
			attributes = {
				LastSwiftUpdateCheck = 0910;
				LastUpgradeCheck = 0910;
				ORGANIZATIONNAME = Sandra;
				TargetAttributes = {
					B60F5BC51FD85790000F4291 = {
						CreatedOnToolsVersion = 9.1;
						LastSwiftMigration = 0910;
						ProvisioningStyle = Automatic;
					};
				};
			};
			buildConfigurationList = B60F5BC11FD85790000F4291 /* Build configuration list for PBXProject "Smack" */;
			compatibilityVersion = "Xcode 8.0";
			developmentRegion = en;
			hasScannedForEncodings = 0;
			knownRegions = (
				en,
				Base,
			);
			mainGroup = B60F5BBD1FD85790000F4291;
			productRefGroup = B60F5BC71FD85790000F4291 /* Products */;
			projectDirPath = "";
			projectRoot = "";
			targets = (
				B60F5BC51FD85790000F4291 /* Smack */,
			);
		};
/* End PBXProject section */

/* Begin PBXResourcesBuildPhase section */
		B60F5BC41FD85790000F4291 /* Resources */ = {
			isa = PBXResourcesBuildPhase;
			buildActionMask = 2147483647;
			files = (
				B60F5BD41FD85790000F4291 /* LaunchScreen.storyboard in Resources */,
				B60F5BD11FD85790000F4291 /* Assets.xcassets in Resources */,
				B60F5BCF1FD85790000F4291 /* Main.storyboard in Resources */,
			);
			runOnlyForDeploymentPostprocessing = 0;
		};
/* End PBXResourcesBuildPhase section */

/* Begin PBXShellScriptBuildPhase section */
		A16D21EE1A686A65BDA72523 /* [CP] Embed Pods Frameworks */ = {
			isa = PBXShellScriptBuildPhase;
			buildActionMask = 2147483647;
			files = (
			);
			inputPaths = (
				"${SRCROOT}/Pods/Target Support Files/Pods-Smack/Pods-Smack-frameworks.sh",
				"${BUILT_PRODUCTS_DIR}/Alamofire/Alamofire.framework",
				"${BUILT_PRODUCTS_DIR}/Socket.IO-Client-Swift/SocketIO.framework",
				"${BUILT_PRODUCTS_DIR}/Starscream/Starscream.framework",
				"${BUILT_PRODUCTS_DIR}/SwiftyJSON/SwiftyJSON.framework",
			);
			name = "[CP] Embed Pods Frameworks";
			outputPaths = (
				"${TARGET_BUILD_DIR}/${FRAMEWORKS_FOLDER_PATH}/Alamofire.framework",
				"${TARGET_BUILD_DIR}/${FRAMEWORKS_FOLDER_PATH}/SocketIO.framework",
				"${TARGET_BUILD_DIR}/${FRAMEWORKS_FOLDER_PATH}/Starscream.framework",
				"${TARGET_BUILD_DIR}/${FRAMEWORKS_FOLDER_PATH}/SwiftyJSON.framework",
			);
			runOnlyForDeploymentPostprocessing = 0;
			shellPath = /bin/sh;
			shellScript = "\"${SRCROOT}/Pods/Target Support Files/Pods-Smack/Pods-Smack-frameworks.sh\"\n";
			showEnvVarsInLog = 0;
		};
		B383A5B7E279742C8BF766CF /* [CP] Copy Pods Resources */ = {
			isa = PBXShellScriptBuildPhase;
			buildActionMask = 2147483647;
			files = (
			);
			inputPaths = (
			);
			name = "[CP] Copy Pods Resources";
			outputPaths = (
			);
			runOnlyForDeploymentPostprocessing = 0;
			shellPath = /bin/sh;
			shellScript = "\"${SRCROOT}/Pods/Target Support Files/Pods-Smack/Pods-Smack-resources.sh\"\n";
			showEnvVarsInLog = 0;
		};
		F48E5477F8FF5B5C3CBB74DB /* [CP] Check Pods Manifest.lock */ = {
			isa = PBXShellScriptBuildPhase;
			buildActionMask = 2147483647;
			files = (
			);
			inputPaths = (
				"${PODS_PODFILE_DIR_PATH}/Podfile.lock",
				"${PODS_ROOT}/Manifest.lock",
			);
			name = "[CP] Check Pods Manifest.lock";
			outputPaths = (
				"$(DERIVED_FILE_DIR)/Pods-Smack-checkManifestLockResult.txt",
			);
			runOnlyForDeploymentPostprocessing = 0;
			shellPath = /bin/sh;
			shellScript = "diff \"${PODS_PODFILE_DIR_PATH}/Podfile.lock\" \"${PODS_ROOT}/Manifest.lock\" > /dev/null\nif [ $? != 0 ] ; then\n    # print error to STDERR\n    echo \"error: The sandbox is not in sync with the Podfile.lock. Run 'pod install' or update your CocoaPods installation.\" >&2\n    exit 1\nfi\n# This output is used by Xcode 'outputs' to avoid re-running this script phase.\necho \"SUCCESS\" > \"${SCRIPT_OUTPUT_FILE_0}\"\n";
			showEnvVarsInLog = 0;
		};
/* End PBXShellScriptBuildPhase section */

/* Begin PBXSourcesBuildPhase section */
		B60F5BC21FD85790000F4291 /* Sources */ = {
			isa = PBXSourcesBuildPhase;
			buildActionMask = 2147483647;
			files = (
				B60F5BE62062AF1B000F4291 /* ChannelVC.swift in Sources */,
				B67431742085F53F0041E671 /* AvatarPickerVC.swift in Sources */,
				B6743170206D2B6B0041E671 /* RoundedButton.swift in Sources */,
				B62C3B1E20862771002386CA /* CircleImage.swift in Sources */,
				B60F5BE42062AF0A000F4291 /* ChatVC.swift in Sources */,
				B6743172206E7C910041E671 /* UserDataService.swift in Sources */,
				B67A3010206930C500732E1E /* CreateAccountVC.swift in Sources */,
				B674316E206AAEF90041E671 /* AuthService.swift in Sources */,
				B67A300E206901CD00732E1E /* LoginVC.swift in Sources */,
				B60F5BE82062BA41000F4291 /* GradientView.swift in Sources */,
				B62C3B1C2073E833002386CA /* AvatarCell.swift in Sources */,
				B60F5BCA1FD85790000F4291 /* AppDelegate.swift in Sources */,
				B60F5BDF2062A7C7000F4291 /* SWRevealViewController.m in Sources */,
				B60F5BEB2062CCA5000F4291 /* Constants.swift in Sources */,
			);
			runOnlyForDeploymentPostprocessing = 0;
		};
/* End PBXSourcesBuildPhase section */

/* Begin PBXVariantGroup section */
		B60F5BCD1FD85790000F4291 /* Main.storyboard */ = {
			isa = PBXVariantGroup;
			children = (
				B60F5BCE1FD85790000F4291 /* Base */,
			);
			name = Main.storyboard;
			sourceTree = "<group>";
		};
		B60F5BD21FD85790000F4291 /* LaunchScreen.storyboard */ = {
			isa = PBXVariantGroup;
			children = (
				B60F5BD31FD85790000F4291 /* Base */,
			);
			name = LaunchScreen.storyboard;
			sourceTree = "<group>";
		};
/* End PBXVariantGroup section */

/* Begin XCBuildConfiguration section */
		B60F5BD61FD85790000F4291 /* Debug */ = {
			isa = XCBuildConfiguration;
			buildSettings = {
				ALWAYS_SEARCH_USER_PATHS = NO;
				CLANG_ANALYZER_NONNULL = YES;
				CLANG_ANALYZER_NUMBER_OBJECT_CONVERSION = YES_AGGRESSIVE;
				CLANG_CXX_LANGUAGE_STANDARD = "gnu++14";
				CLANG_CXX_LIBRARY = "libc++";
				CLANG_ENABLE_MODULES = YES;
				CLANG_ENABLE_OBJC_ARC = YES;
				CLANG_WARN_BLOCK_CAPTURE_AUTORELEASING = YES;
				CLANG_WARN_BOOL_CONVERSION = YES;
				CLANG_WARN_COMMA = YES;
				CLANG_WARN_CONSTANT_CONVERSION = YES;
				CLANG_WARN_DIRECT_OBJC_ISA_USAGE = YES_ERROR;
				CLANG_WARN_DOCUMENTATION_COMMENTS = YES;
				CLANG_WARN_EMPTY_BODY = YES;
				CLANG_WARN_ENUM_CONVERSION = YES;
				CLANG_WARN_INFINITE_RECURSION = YES;
				CLANG_WARN_INT_CONVERSION = YES;
				CLANG_WARN_NON_LITERAL_NULL_CONVERSION = YES;
				CLANG_WARN_OBJC_LITERAL_CONVERSION = YES;
				CLANG_WARN_OBJC_ROOT_CLASS = YES_ERROR;
				CLANG_WARN_RANGE_LOOP_ANALYSIS = YES;
				CLANG_WARN_STRICT_PROTOTYPES = YES;
				CLANG_WARN_SUSPICIOUS_MOVE = YES;
				CLANG_WARN_UNGUARDED_AVAILABILITY = YES_AGGRESSIVE;
				CLANG_WARN_UNREACHABLE_CODE = YES;
				CLANG_WARN__DUPLICATE_METHOD_MATCH = YES;
				CODE_SIGN_IDENTITY = "iPhone Developer";
				COPY_PHASE_STRIP = NO;
				DEBUG_INFORMATION_FORMAT = dwarf;
				ENABLE_STRICT_OBJC_MSGSEND = YES;
				ENABLE_TESTABILITY = YES;
				GCC_C_LANGUAGE_STANDARD = gnu11;
				GCC_DYNAMIC_NO_PIC = NO;
				GCC_NO_COMMON_BLOCKS = YES;
				GCC_OPTIMIZATION_LEVEL = 0;
				GCC_PREPROCESSOR_DEFINITIONS = (
					"DEBUG=1",
					"$(inherited)",
				);
				GCC_WARN_64_TO_32_BIT_CONVERSION = YES;
				GCC_WARN_ABOUT_RETURN_TYPE = YES_ERROR;
				GCC_WARN_UNDECLARED_SELECTOR = YES;
				GCC_WARN_UNINITIALIZED_AUTOS = YES_AGGRESSIVE;
				GCC_WARN_UNUSED_FUNCTION = YES;
				GCC_WARN_UNUSED_VARIABLE = YES;
				IPHONEOS_DEPLOYMENT_TARGET = 11.1;
				MTL_ENABLE_DEBUG_INFO = YES;
				ONLY_ACTIVE_ARCH = YES;
				SDKROOT = iphoneos;
				SWIFT_ACTIVE_COMPILATION_CONDITIONS = DEBUG;
				SWIFT_OPTIMIZATION_LEVEL = "-Onone";
			};
			name = Debug;
		};
		B60F5BD71FD85790000F4291 /* Release */ = {
			isa = XCBuildConfiguration;
			buildSettings = {
				ALWAYS_SEARCH_USER_PATHS = NO;
				CLANG_ANALYZER_NONNULL = YES;
				CLANG_ANALYZER_NUMBER_OBJECT_CONVERSION = YES_AGGRESSIVE;
				CLANG_CXX_LANGUAGE_STANDARD = "gnu++14";
				CLANG_CXX_LIBRARY = "libc++";
				CLANG_ENABLE_MODULES = YES;
				CLANG_ENABLE_OBJC_ARC = YES;
				CLANG_WARN_BLOCK_CAPTURE_AUTORELEASING = YES;
				CLANG_WARN_BOOL_CONVERSION = YES;
				CLANG_WARN_COMMA = YES;
				CLANG_WARN_CONSTANT_CONVERSION = YES;
				CLANG_WARN_DIRECT_OBJC_ISA_USAGE = YES_ERROR;
				CLANG_WARN_DOCUMENTATION_COMMENTS = YES;
				CLANG_WARN_EMPTY_BODY = YES;
				CLANG_WARN_ENUM_CONVERSION = YES;
				CLANG_WARN_INFINITE_RECURSION = YES;
				CLANG_WARN_INT_CONVERSION = YES;
				CLANG_WARN_NON_LITERAL_NULL_CONVERSION = YES;
				CLANG_WARN_OBJC_LITERAL_CONVERSION = YES;
				CLANG_WARN_OBJC_ROOT_CLASS = YES_ERROR;
				CLANG_WARN_RANGE_LOOP_ANALYSIS = YES;
				CLANG_WARN_STRICT_PROTOTYPES = YES;
				CLANG_WARN_SUSPICIOUS_MOVE = YES;
				CLANG_WARN_UNGUARDED_AVAILABILITY = YES_AGGRESSIVE;
				CLANG_WARN_UNREACHABLE_CODE = YES;
				CLANG_WARN__DUPLICATE_METHOD_MATCH = YES;
				CODE_SIGN_IDENTITY = "iPhone Developer";
				COPY_PHASE_STRIP = NO;
				DEBUG_INFORMATION_FORMAT = "dwarf-with-dsym";
				ENABLE_NS_ASSERTIONS = NO;
				ENABLE_STRICT_OBJC_MSGSEND = YES;
				GCC_C_LANGUAGE_STANDARD = gnu11;
				GCC_NO_COMMON_BLOCKS = YES;
				GCC_WARN_64_TO_32_BIT_CONVERSION = YES;
				GCC_WARN_ABOUT_RETURN_TYPE = YES_ERROR;
				GCC_WARN_UNDECLARED_SELECTOR = YES;
				GCC_WARN_UNINITIALIZED_AUTOS = YES_AGGRESSIVE;
				GCC_WARN_UNUSED_FUNCTION = YES;
				GCC_WARN_UNUSED_VARIABLE = YES;
				IPHONEOS_DEPLOYMENT_TARGET = 11.1;
				MTL_ENABLE_DEBUG_INFO = NO;
				SDKROOT = iphoneos;
				SWIFT_OPTIMIZATION_LEVEL = "-Owholemodule";
				VALIDATE_PRODUCT = YES;
			};
			name = Release;
		};
		B60F5BD91FD85790000F4291 /* Debug */ = {
			isa = XCBuildConfiguration;
			baseConfigurationReference = B7338109F33C5AFC9793577B /* Pods-Smack.debug.xcconfig */;
			buildSettings = {
				ASSETCATALOG_COMPILER_APPICON_NAME = AppIcon;
				CLANG_ENABLE_MODULES = YES;
				CODE_SIGN_STYLE = Automatic;
				INFOPLIST_FILE = Smack/Info.plist;
				LD_RUNPATH_SEARCH_PATHS = "$(inherited) @executable_path/Frameworks";
				PRODUCT_BUNDLE_IDENTIFIER = com.miteva.Smack;
				PRODUCT_NAME = "$(TARGET_NAME)";
				SWIFT_OBJC_BRIDGING_HEADER = "Smack/Supporting Files/Smack-Bridging-Header.h";
				SWIFT_OPTIMIZATION_LEVEL = "-Onone";
				SWIFT_VERSION = 4.0;
				TARGETED_DEVICE_FAMILY = "1,2";
			};
			name = Debug;
		};
		B60F5BDA1FD85790000F4291 /* Release */ = {
			isa = XCBuildConfiguration;
			baseConfigurationReference = BF7A62B49A090DEBB091F3C0 /* Pods-Smack.release.xcconfig */;
			buildSettings = {
				ASSETCATALOG_COMPILER_APPICON_NAME = AppIcon;
				CLANG_ENABLE_MODULES = YES;
				CODE_SIGN_STYLE = Automatic;
				INFOPLIST_FILE = Smack/Info.plist;
				LD_RUNPATH_SEARCH_PATHS = "$(inherited) @executable_path/Frameworks";
				PRODUCT_BUNDLE_IDENTIFIER = com.miteva.Smack;
				PRODUCT_NAME = "$(TARGET_NAME)";
				SWIFT_OBJC_BRIDGING_HEADER = "Smack/Supporting Files/Smack-Bridging-Header.h";
				SWIFT_VERSION = 4.0;
				TARGETED_DEVICE_FAMILY = "1,2";
			};
			name = Release;
		};
/* End XCBuildConfiguration section */

/* Begin XCConfigurationList section */
		B60F5BC11FD85790000F4291 /* Build configuration list for PBXProject "Smack" */ = {
			isa = XCConfigurationList;
			buildConfigurations = (
				B60F5BD61FD85790000F4291 /* Debug */,
				B60F5BD71FD85790000F4291 /* Release */,
			);
			defaultConfigurationIsVisible = 0;
			defaultConfigurationName = Release;
		};
		B60F5BD81FD85790000F4291 /* Build configuration list for PBXNativeTarget "Smack" */ = {
			isa = XCConfigurationList;
			buildConfigurations = (
				B60F5BD91FD85790000F4291 /* Debug */,
				B60F5BDA1FD85790000F4291 /* Release */,
			);
			defaultConfigurationIsVisible = 0;
			defaultConfigurationName = Release;
		};
/* End XCConfigurationList section */
	};
	rootObject = B60F5BBE1FD85790000F4291 /* Project object */;
}
